
Microsoft Visual Studio Solution File, Format Version 12.00
# Visual Studio 15
VisualStudioVersion = 15.0.28307.489
MinimumVisualStudioVersion = 10.0.40219.1
Project("{9A19103F-16F7-4668-BE54-9A1E7A4F7556}") = "StringConvertion.ConsoleApp", "StringConvertion\StringConvertion.ConsoleApp.csproj", "{859EDDF6-E7AB-4440-AB45-9E6A3486014C}"
EndProject
Project("{2150E333-8FDC-42A3-9474-1A3956D46DE8}") = "Tests", "Tests", "{315634D9-375E-4762-8C92-AA11089686DF}"
EndProject
Project("{9A19103F-16F7-4668-BE54-9A1E7A4F7556}") = "StringConvertion.UnitTests", "StringConvertion.UnitTests\StringConvertion.UnitTests.csproj", "{80D6D11C-8CD3-4AF9-A4E3-5893CC239E71}"
EndProject
Project("{FAE04EC0-301F-11D3-BF4B-00C04F79EFBC}") = "StringConvertion.Domain", "StringConvertion.Domain\StringConvertion.Domain.csproj", "{D7DFECA3-6228-4958-A8ED-5261D27F06FE}"
EndProject
Project("{FAE04EC0-301F-11D3-BF4B-00C04F79EFBC}") = "StringConvertion.Model", "StringConvertion.Model\StringConvertion.Model.csproj", "{5A0B0460-D121-4957-B281-245EB8B9E8D4}"
EndProject
Global
	GlobalSection(SolutionConfigurationPlatforms) = preSolution
		Debug|Any CPU = Debug|Any CPU
		Release|Any CPU = Release|Any CPU
	EndGlobalSection
	GlobalSection(ProjectConfigurationPlatforms) = postSolution
		{859EDDF6-E7AB-4440-AB45-9E6A3486014C}.Debug|Any CPU.ActiveCfg = Debug|Any CPU
		{859EDDF6-E7AB-4440-AB45-9E6A3486014C}.Debug|Any CPU.Build.0 = Debug|Any CPU
		{859EDDF6-E7AB-4440-AB45-9E6A3486014C}.Release|Any CPU.ActiveCfg = Release|Any CPU
		{859EDDF6-E7AB-4440-AB45-9E6A3486014C}.Release|Any CPU.Build.0 = Release|Any CPU
		{80D6D11C-8CD3-4AF9-A4E3-5893CC239E71}.Debug|Any CPU.ActiveCfg = Debug|Any CPU
		{80D6D11C-8CD3-4AF9-A4E3-5893CC239E71}.Debug|Any CPU.Build.0 = Debug|Any CPU
		{80D6D11C-8CD3-4AF9-A4E3-5893CC239E71}.Release|Any CPU.ActiveCfg = Release|Any CPU
		{80D6D11C-8CD3-4AF9-A4E3-5893CC239E71}.Release|Any CPU.Build.0 = Release|Any CPU
		{D7DFECA3-6228-4958-A8ED-5261D27F06FE}.Debug|Any CPU.ActiveCfg = Debug|Any CPU
		{D7DFECA3-6228-4958-A8ED-5261D27F06FE}.Debug|Any CPU.Build.0 = Debug|Any CPU
		{D7DFECA3-6228-4958-A8ED-5261D27F06FE}.Release|Any CPU.ActiveCfg = Release|Any CPU
		{D7DFECA3-6228-4958-A8ED-5261D27F06FE}.Release|Any CPU.Build.0 = Release|Any CPU
		{5A0B0460-D121-4957-B281-245EB8B9E8D4}.Debug|Any CPU.ActiveCfg = Debug|Any CPU
		{5A0B0460-D121-4957-B281-245EB8B9E8D4}.Debug|Any CPU.Build.0 = Debug|Any CPU
		{5A0B0460-D121-4957-B281-245EB8B9E8D4}.Release|Any CPU.ActiveCfg = Release|Any CPU
		{5A0B0460-D121-4957-B281-245EB8B9E8D4}.Release|Any CPU.Build.0 = Release|Any CPU
	EndGlobalSection
	GlobalSection(SolutionProperties) = preSolution
		HideSolutionNode = FALSE
	EndGlobalSection
	GlobalSection(NestedProjects) = preSolution
		{80D6D11C-8CD3-4AF9-A4E3-5893CC239E71} = {315634D9-375E-4762-8C92-AA11089686DF}
	EndGlobalSection
	GlobalSection(ExtensibilityGlobals) = postSolution
		SolutionGuid = {985AD817-61BC-4557-B7CD-F0E983ABE795}
	EndGlobalSection
EndGlobal
